
Microsoft Visual Studio Solution File, Format Version 12.00
# Visual Studio Version 17
VisualStudioVersion = 17.6.33829.357
MinimumVisualStudioVersion = 10.0.40219.1
Project("{FAE04EC0-301F-11D3-BF4B-00C04F79EFBC}") = "Hotel_Management_API", "Hotel_Management_API\Hotel_Management_API.csproj", "{12CC2F97-6B65-4A12-9830-CA0EC145C438}"
EndProject
Project("{FAE04EC0-301F-11D3-BF4B-00C04F79EFBC}") = "Business", "Business\Business.csproj", "{632E60E9-00C3-4BFE-B9D6-9493ABA43149}"
EndProject
Project("{FAE04EC0-301F-11D3-BF4B-00C04F79EFBC}") = "DataAccess", "DataAccess\DataAccess.csproj", "{F926DCAE-3707-4B1D-8A88-EC2C64CE6BCB}"
EndProject
Project("{FAE04EC0-301F-11D3-BF4B-00C04F79EFBC}") = "Hotel_Management_Client", "Hotel_Management_Client\Hotel_Management_Client.csproj", "{EB4A76DD-20FF-4FFF-BAB8-F88105240F0F}"
EndProject
Global
	GlobalSection(SolutionConfigurationPlatforms) = preSolution
		Debug|Any CPU = Debug|Any CPU
		Release|Any CPU = Release|Any CPU
	EndGlobalSection
	GlobalSection(ProjectConfigurationPlatforms) = postSolution
		{12CC2F97-6B65-4A12-9830-CA0EC145C438}.Debug|Any CPU.ActiveCfg = Debug|Any CPU
		{12CC2F97-6B65-4A12-9830-CA0EC145C438}.Debug|Any CPU.Build.0 = Debug|Any CPU
		{12CC2F97-6B65-4A12-9830-CA0EC145C438}.Release|Any CPU.ActiveCfg = Release|Any CPU
		{12CC2F97-6B65-4A12-9830-CA0EC145C438}.Release|Any CPU.Build.0 = Release|Any CPU
		{632E60E9-00C3-4BFE-B9D6-9493ABA43149}.Debug|Any CPU.ActiveCfg = Debug|Any CPU
		{632E60E9-00C3-4BFE-B9D6-9493ABA43149}.Debug|Any CPU.Build.0 = Debug|Any CPU
		{632E60E9-00C3-4BFE-B9D6-9493ABA43149}.Release|Any CPU.ActiveCfg = Release|Any CPU
		{632E60E9-00C3-4BFE-B9D6-9493ABA43149}.Release|Any CPU.Build.0 = Release|Any CPU
		{F926DCAE-3707-4B1D-8A88-EC2C64CE6BCB}.Debug|Any CPU.ActiveCfg = Debug|Any CPU
		{F926DCAE-3707-4B1D-8A88-EC2C64CE6BCB}.Debug|Any CPU.Build.0 = Debug|Any CPU
		{F926DCAE-3707-4B1D-8A88-EC2C64CE6BCB}.Release|Any CPU.ActiveCfg = Release|Any CPU
		{F926DCAE-3707-4B1D-8A88-EC2C64CE6BCB}.Release|Any CPU.Build.0 = Release|Any CPU
		{EB4A76DD-20FF-4FFF-BAB8-F88105240F0F}.Debug|Any CPU.ActiveCfg = Debug|Any CPU
		{EB4A76DD-20FF-4FFF-BAB8-F88105240F0F}.Debug|Any CPU.Build.0 = Debug|Any CPU
		{EB4A76DD-20FF-4FFF-BAB8-F88105240F0F}.Release|Any CPU.ActiveCfg = Release|Any CPU
		{EB4A76DD-20FF-4FFF-BAB8-F88105240F0F}.Release|Any CPU.Build.0 = Release|Any CPU
	EndGlobalSection
	GlobalSection(SolutionProperties) = preSolution
		HideSolutionNode = FALSE
	EndGlobalSection
	GlobalSection(ExtensibilityGlobals) = postSolution
		SolutionGuid = {128DD137-9FE8-44D1-B2FD-89E8F0DCA58A}
	EndGlobalSection
EndGlobal
